
Microsoft Visual Studio Solution File, Format Version 12.00
# Visual Studio Version 17
VisualStudioVersion = 17.0.31410.414
MinimumVisualStudioVersion = 10.0.40219.1
Project("{9A19103F-16F7-4668-BE54-9A1E7A4F7556}") = "Turing", "Turing.csproj", "{6ECCA406-24B5-4B97-9087-CEB3E14FDB64}"
EndProject
Global
	GlobalSection(SolutionConfigurationPlatforms) = preSolution
		Debug|Any CPU = Debug|Any CPU
		Release|Any CPU = Release|Any CPU
	EndGlobalSection
	GlobalSection(ProjectConfigurationPlatforms) = postSolution
		{6ECCA406-24B5-4B97-9087-CEB3E14FDB64}.Debug|Any CPU.ActiveCfg = Debug|Any CPU
		{6ECCA406-24B5-4B97-9087-CEB3E14FDB64}.Debug|Any CPU.Build.0 = Debug|Any CPU
		{6ECCA406-24B5-4B97-9087-CEB3E14FDB64}.Release|Any CPU.ActiveCfg = Release|Any CPU
		{6ECCA406-24B5-4B97-9087-CEB3E14FDB64}.Release|Any CPU.Build.0 = Release|Any CPU
	EndGlobalSection
	GlobalSection(SolutionProperties) = preSolution
		HideSolutionNode = FALSE
	EndGlobalSection
	GlobalSection(ExtensibilityGlobals) = postSolution
		SolutionGuid = {5C4779FA-B96C-4CD3-A8AD-F74FFACDD2A0}
	EndGlobalSection
EndGlobal
