{
  "name": "wwwroot",
  "version": "1.0.0",
  "lockfileVersion": 1,
  "requires": true,
  "dependencies": {
    "@elsa-workflows/elsa-workflow-designer": {
      "version": "2.0.0-preview-5",
      "resolved": "https://registry.npmjs.org/@elsa-workflows/elsa-workflow-designer/-/elsa-workflow-designer-2.0.0-preview-5.tgz",
      "integrity": "sha512-0MVwfW5L2Q8fQw5tL/gRdnIMH6YL1OuskBLoBQyve3XgsCSaoLEBl+AupR6SZI/5Qybdcu135yE2JNMXuxQoWw=="
    },
    "xterm": {
      "version": "4.4.0",
      "resolved": "https://registry.npmjs.org/xterm/-/xterm-4.4.0.tgz",
      "integrity": "sha512-JGIpigWM3EBWvnS3rtBuefkiToIILSK1HYMXy4BCsUpO+O4UeeV+/U1AdAXgCB6qJrnPNb7yLgBsVCQUNMteig=="
    }
  }
}
